
Microsoft Visual Studio Solution File, Format Version 12.00
# Visual Studio Version 16
VisualStudioVersion = 16.0.29509.3
MinimumVisualStudioVersion = 10.0.40219.1
Project("{FAE04EC0-301F-11D3-BF4B-00C04F79EFBC}") = "HotelAvailabilityApiService", "HotelAvailabilityApiService\HotelAvailabilityApiService.csproj", "{8640EFD2-72B6-46D2-9FB1-D61FCC2EFFFB}"
EndProject
Global
	GlobalSection(SolutionConfigurationPlatforms) = preSolution
		Debug|Any CPU = Debug|Any CPU
		Release|Any CPU = Release|Any CPU
	EndGlobalSection
	GlobalSection(ProjectConfigurationPlatforms) = postSolution
		{8640EFD2-72B6-46D2-9FB1-D61FCC2EFFFB}.Debug|Any CPU.ActiveCfg = Debug|Any CPU
		{8640EFD2-72B6-46D2-9FB1-D61FCC2EFFFB}.Debug|Any CPU.Build.0 = Debug|Any CPU
		{8640EFD2-72B6-46D2-9FB1-D61FCC2EFFFB}.Release|Any CPU.ActiveCfg = Release|Any CPU
		{8640EFD2-72B6-46D2-9FB1-D61FCC2EFFFB}.Release|Any CPU.Build.0 = Release|Any CPU
	EndGlobalSection
	GlobalSection(SolutionProperties) = preSolution
		HideSolutionNode = FALSE
	EndGlobalSection
	GlobalSection(ExtensibilityGlobals) = postSolution
		SolutionGuid = {E0FB12D4-2797-408A-9995-7E975738EFFF}
	EndGlobalSection
EndGlobal
